
Microsoft Visual Studio Solution File, Format Version 12.00
# Visual Studio Version 17
VisualStudioVersion = 17.8.34511.84
MinimumVisualStudioVersion = 10.0.40219.1
Project("{FAE04EC0-301F-11D3-BF4B-00C04F79EFBC}") = "IdentityServer4InAspNetCoreWebAPI", "IdentityServer4InAspNetCoreWebAPI.csproj", "{B780E1B4-EDD9-422F-B3E2-FB4D1B77235B}"
EndProject
Global
	GlobalSection(SolutionConfigurationPlatforms) = preSolution
		Debug|Any CPU = Debug|Any CPU
		Release|Any CPU = Release|Any CPU
	EndGlobalSection
	GlobalSection(ProjectConfigurationPlatforms) = postSolution
		{B780E1B4-EDD9-422F-B3E2-FB4D1B77235B}.Debug|Any CPU.ActiveCfg = Debug|Any CPU
		{B780E1B4-EDD9-422F-B3E2-FB4D1B77235B}.Debug|Any CPU.Build.0 = Debug|Any CPU
		{B780E1B4-EDD9-422F-B3E2-FB4D1B77235B}.Release|Any CPU.ActiveCfg = Release|Any CPU
		{B780E1B4-EDD9-422F-B3E2-FB4D1B77235B}.Release|Any CPU.Build.0 = Release|Any CPU
	EndGlobalSection
	GlobalSection(SolutionProperties) = preSolution
		HideSolutionNode = FALSE
	EndGlobalSection
	GlobalSection(ExtensibilityGlobals) = postSolution
		SolutionGuid = {2B4ECB4A-236D-4A33-9C3E-C7732064A4DB}
	EndGlobalSection
EndGlobal
